
Microsoft Visual Studio Solution File, Format Version 12.00
# Visual Studio Version 17
VisualStudioVersion = 17.6.33723.286
MinimumVisualStudioVersion = 10.0.40219.1
Project("{9A19103F-16F7-4668-BE54-9A1E7A4F7556}") = "STAG", "STAG\STAG.csproj", "{B4F2D883-13C8-4B14-8108-758DED9457BC}"
EndProject
Project("{9A19103F-16F7-4668-BE54-9A1E7A4F7556}") = "STAG.Tests", "STAG.Tests\STAG.Tests.csproj", "{A9486638-6872-4FF2-8C60-2E42AB3409C8}"
EndProject
Global
	GlobalSection(SolutionConfigurationPlatforms) = preSolution
		Debug|Any CPU = Debug|Any CPU
		Release|Any CPU = Release|Any CPU
	EndGlobalSection
	GlobalSection(ProjectConfigurationPlatforms) = postSolution
		{B4F2D883-13C8-4B14-8108-758DED9457BC}.Debug|Any CPU.ActiveCfg = Debug|Any CPU
		{B4F2D883-13C8-4B14-8108-758DED9457BC}.Debug|Any CPU.Build.0 = Debug|Any CPU
		{B4F2D883-13C8-4B14-8108-758DED9457BC}.Release|Any CPU.ActiveCfg = Release|Any CPU
		{B4F2D883-13C8-4B14-8108-758DED9457BC}.Release|Any CPU.Build.0 = Release|Any CPU
		{A9486638-6872-4FF2-8C60-2E42AB3409C8}.Debug|Any CPU.ActiveCfg = Debug|Any CPU
		{A9486638-6872-4FF2-8C60-2E42AB3409C8}.Debug|Any CPU.Build.0 = Debug|Any CPU
		{A9486638-6872-4FF2-8C60-2E42AB3409C8}.Release|Any CPU.ActiveCfg = Release|Any CPU
		{A9486638-6872-4FF2-8C60-2E42AB3409C8}.Release|Any CPU.Build.0 = Release|Any CPU
	EndGlobalSection
	GlobalSection(SolutionProperties) = preSolution
		HideSolutionNode = FALSE
	EndGlobalSection
	GlobalSection(ExtensibilityGlobals) = postSolution
		SolutionGuid = {99F27249-9741-4502-AE07-AFD7D66B63EC}
	EndGlobalSection
EndGlobal
